<?xml version="1.0" encoding="UTF-8" standalone="yes" ?>
<CodeBlocks_project_file>
	<FileVersion major="1" minor="6" />
	<Project>
		<Option title="GL4Dummies" />
		<Option pch_mode="2" />
		<Option compiler="gcc" />
		<Build>
			<Target title="default">
				<Option output="../bin/Win32/GL4Dummies" imp_lib="$(TARGET_OUTPUT_DIR)$(TARGET_OUTPUT_BASENAME).a" def_file="$(TARGET_OUTPUT_DIR)$(TARGET_OUTPUT_BASENAME).def" prefix_auto="1" extension_auto="1" />
				<Option type="3" />
				<Option compiler="gcc" />
				<Option createDefFile="1" />
				<Option createStaticLib="1" />
				<Compiler>
					<Add option="-O2" />
					<Add directory="." />
					<Add directory="../lib_src/GL4D" />
					<Add directory="dependencies/include/SDL2" />
				</Compiler>
				<Linker>
					<Add option="-mwindows" />
					<Add library="mingw32" />
					<Add library="SDL2main" />
					<Add library="SDL2" />
					<Add library="OpenGL32" />
					<Add directory="dependencies/lib" />
				</Linker>
			</Target>
		</Build>
		<Compiler>
			<Add directory="GL4D" />
		</Compiler>
		<Linker>
			<Add option="-mwindows" />
			<Add library="mingw32" />
			<Add library="SDL2main" />
			<Add library="SDL2" />
			<Add library="OpenGL32" />
		</Linker>
		<Unit filename="../lib_src/GL4D/aes.c">
			<Option compilerVar="CC" />
		</Unit>
		<Unit filename="../lib_src/GL4D/aes.h" />
		<Unit filename="../lib_src/GL4D/bin_tree.c">
			<Option compilerVar="CC" />
		</Unit>
		<Unit filename="../lib_src/GL4D/bin_tree.h" />
		<Unit filename="../lib_src/GL4D/fixed_heap.c">
			<Option compilerVar="CC" />
		</Unit>
		<Unit filename="../lib_src/GL4D/gl4dfBlur.c">
			<Option compilerVar="CC" />
		</Unit>
		<Unit filename="../lib_src/GL4D/gl4dfCommon.c">
			<Option compilerVar="CC" />
		</Unit>
		<Unit filename="../lib_src/GL4D/gl4dfConversion.c">
			<Option compilerVar="CC" />
		</Unit>
		<Unit filename="../lib_src/GL4D/gl4dfFocus.c">
			<Option compilerVar="CC" />
		</Unit>
		<Unit filename="../lib_src/GL4D/gl4dfFractalPainting.c">
			<Option compilerVar="CC" />
		</Unit>
		<Unit filename="../lib_src/GL4D/gl4dfHatching.c">
			<Option compilerVar="CC" />
		</Unit>
		<Unit filename="../lib_src/GL4D/gl4dfMedia.c">
			<Option compilerVar="CC" />
		</Unit>
		<Unit filename="../lib_src/GL4D/gl4dfMedian.c">
			<Option compilerVar="CC" />
		</Unit>
		<Unit filename="../lib_src/GL4D/gl4dfOpticalFlow.c">
			<Option compilerVar="CC" />
		</Unit>
		<Unit filename="../lib_src/GL4D/gl4dfScattering.c">
			<Option compilerVar="CC" />
		</Unit>
		<Unit filename="../lib_src/GL4D/gl4dfSegmentation.c">
			<Option compilerVar="CC" />
		</Unit>
		<Unit filename="../lib_src/GL4D/gl4dfSobel.c">
			<Option compilerVar="CC" />
		</Unit>
		<Unit filename="../lib_src/GL4D/gl4dg.c">
			<Option compilerVar="CC" />
		</Unit>
		<Unit filename="../lib_src/GL4D/gl4dhAnimeManager.c">
			<Option compilerVar="CC" />
		</Unit>
		<Unit filename="../lib_src/GL4D/gl4dm.c">
			<Option compilerVar="CC" />
		</Unit>
		<Unit filename="../lib_src/GL4D/gl4dm.h" />
		<Unit filename="../lib_src/GL4D/gl4dp.c">
			<Option compilerVar="CC" />
		</Unit>
		<Unit filename="../lib_src/GL4D/gl4dq.c">
			<Option compilerVar="CC" />
		</Unit>
		<Unit filename="../lib_src/GL4D/gl4droid.c">
			<Option compilerVar="CC" />
		</Unit>
		<Unit filename="../lib_src/GL4D/gl4du.c">
			<Option compilerVar="CC" />
		</Unit>
		<Unit filename="../lib_src/GL4D/gl4du.h" />
		<Unit filename="../lib_src/GL4D/gl4dummies.c">
			<Option compilerVar="CC" />
		</Unit>
		<Unit filename="../lib_src/GL4D/gl4dummies.h" />
		<Unit filename="../lib_src/GL4D/gl4duw_SDL2.c">
			<Option compilerVar="CC" />
		</Unit>
		<Unit filename="../lib_src/GL4D/gl4wdummies.h" />
		<Unit filename="../lib_src/GL4D/linked_list.c">
			<Option compilerVar="CC" />
		</Unit>
		<Extensions>
			<code_completion />
			<envvars />
			<debugger />
			<lib_finder disable_auto="1" />
		</Extensions>
	</Project>
</CodeBlocks_project_file>
