<?xml version="1.0" encoding="UTF-8" standalone="yes" ?>
<CodeBlocks_project_file>
	<FileVersion major="1" minor="6" />
	<Project>
		<Option title="GL4Dummies" />
		<Option pch_mode="2" />
		<Option compiler="gcc" />
		<Build>
			<Target title="default">
				<Option output="GL4Dummies" prefix_auto="1" extension_auto="1" />
				<Option type="0" />
				<Option compiler="gcc" />
				<Compiler>
					<Add option="-O2" />
					<Add directory="." />
					<Add directory="GL4D" />
					<Add directory="../../win32_libs/include/SDL2" />
				</Compiler>
				<Linker>
					<Add directory="../../win32_libs/lib" />
				</Linker>
			</Target>
		</Build>
		<Compiler>
			<Add directory="GL4D" />
		</Compiler>
		<Linker>
			<Add option="-mwindows" />
			<Add library="mingw32" />
			<Add library="SDL2main" />
			<Add library="SDL2" />
			<Add library="OpenGL32" />
		</Linker>
		<Extensions>
			<code_completion />
			<envvars />
			<debugger />
			<lib_finder disable_auto="1" />
		</Extensions>
	</Project>
</CodeBlocks_project_file>
