
Microsoft Visual Studio Solution File, Format Version 12.00
# Visual Studio Version 16
VisualStudioVersion = 16.0.30011.22
MinimumVisualStudioVersion = 10.0.40219.1
Project("{8BC9CEB8-8B4A-11D0-8D11-00A0C91BC942}") = "simpleShaderColorGradient", "simpleShaderColorGradient.vcxproj", "{09538AA9-09E1-4F92-A30F-6056BA775523}"
EndProject
Global
	GlobalSection(SolutionConfigurationPlatforms) = preSolution
		Debug|x64 = Debug|x64
		Debug|x86 = Debug|x86
		Release|x64 = Release|x64
		Release|x86 = Release|x86
	EndGlobalSection
	GlobalSection(ProjectConfigurationPlatforms) = postSolution
		{09538AA9-09E1-4F92-A30F-6056BA775523}.Debug|x64.ActiveCfg = Debug|x64
		{09538AA9-09E1-4F92-A30F-6056BA775523}.Debug|x64.Build.0 = Debug|x64
		{09538AA9-09E1-4F92-A30F-6056BA775523}.Debug|x86.ActiveCfg = Debug|Win32
		{09538AA9-09E1-4F92-A30F-6056BA775523}.Debug|x86.Build.0 = Debug|Win32
		{09538AA9-09E1-4F92-A30F-6056BA775523}.Release|x64.ActiveCfg = Release|x64
		{09538AA9-09E1-4F92-A30F-6056BA775523}.Release|x64.Build.0 = Release|x64
		{09538AA9-09E1-4F92-A30F-6056BA775523}.Release|x86.ActiveCfg = Release|Win32
		{09538AA9-09E1-4F92-A30F-6056BA775523}.Release|x86.Build.0 = Release|Win32
	EndGlobalSection
	GlobalSection(SolutionProperties) = preSolution
		HideSolutionNode = FALSE
	EndGlobalSection
	GlobalSection(ExtensibilityGlobals) = postSolution
		SolutionGuid = {E45C6F70-4AA0-452A-93C8-2AFD7931122B}
	EndGlobalSection
EndGlobal
